// !$*UTF8*$!
{
	archiveVersion = 1;
	classes = {
	};
	objectVersion = 48;
	objects = {

/* Begin PBXBuildFile section */
		5F75088B20746D680091D1D3 /* AFHTTPSessionManager+JR_RACSupport.m in Sources */ = {isa = PBXBuildFile; fileRef = 5F75088A20746D680091D1D3 /* AFHTTPSessionManager+JR_RACSupport.m */; };
		5F8A5349207DB02A00CD452C /* TTTAttributedLabel.m in Sources */ = {isa = PBXBuildFile; fileRef = 5F8A5347207DB02900CD452C /* TTTAttributedLabel.m */; };
		5F8C658D206C835300A462A9 /* AppDelegate.m in Sources */ = {isa = PBXBuildFile; fileRef = 5F8C658C206C835300A462A9 /* AppDelegate.m */; };
		5F8C6590206C835300A462A9 /* ViewController.m in Sources */ = {isa = PBXBuildFile; fileRef = 5F8C658F206C835300A462A9 /* ViewController.m */; };
		5F8C6593206C835300A462A9 /* Main.storyboard in Resources */ = {isa = PBXBuildFile; fileRef = 5F8C6591206C835300A462A9 /* Main.storyboard */; };
		5F8C6595206C835300A462A9 /* Assets.xcassets in Resources */ = {isa = PBXBuildFile; fileRef = 5F8C6594206C835300A462A9 /* Assets.xcassets */; };
		5F8C659B206C835300A462A9 /* main.m in Sources */ = {isa = PBXBuildFile; fileRef = 5F8C659A206C835300A462A9 /* main.m */; };
		5F8C65A6206CB92300A462A9 /* UIKit.framework in Frameworks */ = {isa = PBXBuildFile; fileRef = 5F8C65A5206CB92300A462A9 /* UIKit.framework */; };
		5F8C65A8206CB92800A462A9 /* Foundation.framework in Frameworks */ = {isa = PBXBuildFile; fileRef = 5F8C65A7206CB92800A462A9 /* Foundation.framework */; };
		5F8C65BC206CCB0800A462A9 /* CSJSONResponseserializer.m in Sources */ = {isa = PBXBuildFile; fileRef = 5F8C65B9206CCB0800A462A9 /* CSJSONResponseserializer.m */; };
		5F8C65C0206CCB2D00A462A9 /* JRBaseAPI.m in Sources */ = {isa = PBXBuildFile; fileRef = 5F8C65BF206CCB2D00A462A9 /* JRBaseAPI.m */; };
		5F8C65C5206CDAE700A462A9 /* JRCommonCookie.m in Sources */ = {isa = PBXBuildFile; fileRef = 5F8C65C4206CDAE700A462A9 /* JRCommonCookie.m */; };
		5F8C65C9206CDBE700A462A9 /* JRHelper.m in Sources */ = {isa = PBXBuildFile; fileRef = 5F8C65C8206CDBE700A462A9 /* JRHelper.m */; };
		5F94B04C20732A0C007DF8DA /* JRResolveHandle.m in Sources */ = {isa = PBXBuildFile; fileRef = 5F94B04B20732A0C007DF8DA /* JRResolveHandle.m */; };
		863DA00D20CA602500FC8CBF /* CSJSONRequestSerializer.m in Sources */ = {isa = PBXBuildFile; fileRef = 863DA00C20CA602500FC8CBF /* CSJSONRequestSerializer.m */; };
		863DA01320CA63E100FC8CBF /* CSNetWorkManager.m in Sources */ = {isa = PBXBuildFile; fileRef = 863DA01220CA63E100FC8CBF /* CSNetWorkManager.m */; };
		863DA01620CA6E2F00FC8CBF /* JRBaseAPI+Config.m in Sources */ = {isa = PBXBuildFile; fileRef = 863DA01520CA6E2F00FC8CBF /* JRBaseAPI+Config.m */; };
		863DA01A20CA73F900FC8CBF /* CSJSONDataHandle.m in Sources */ = {isa = PBXBuildFile; fileRef = 863DA01920CA73F900FC8CBF /* CSJSONDataHandle.m */; };
		863DA01F20CE1F4C00FC8CBF /* CSJSONResponseHandle.m in Sources */ = {isa = PBXBuildFile; fileRef = 863DA01E20CE1F4C00FC8CBF /* CSJSONResponseHandle.m */; };
		8690BE3320D259C100B0F29C /* CSJSONRequestHandle.m in Sources */ = {isa = PBXBuildFile; fileRef = 8690BE3220D259C100B0F29C /* CSJSONRequestHandle.m */; };
		8690BE3620D25E7E00B0F29C /* CSAPI.m in Sources */ = {isa = PBXBuildFile; fileRef = 8690BE3520D25E7E00B0F29C /* CSAPI.m */; };
		8690BE3920D274A100B0F29C /* CSUploadAPI.m in Sources */ = {isa = PBXBuildFile; fileRef = 8690BE3820D274A100B0F29C /* CSUploadAPI.m */; };
		8690BE3B20D2866400B0F29C /* 123.PNG in Resources */ = {isa = PBXBuildFile; fileRef = 8690BE3A20D2866400B0F29C /* 123.PNG */; };
		8690BE3E20D2888300B0F29C /* SXViewController.m in Sources */ = {isa = PBXBuildFile; fileRef = 8690BE3D20D2888300B0F29C /* SXViewController.m */; };
		8690BE4020D28D8900B0F29C /* 222.JPG in Resources */ = {isa = PBXBuildFile; fileRef = 8690BE3F20D28D8900B0F29C /* 222.JPG */; };
		8690BEC020D3A34200B0F29C /* coin_sel_add@3x.png in Resources */ = {isa = PBXBuildFile; fileRef = 8690BEBC20D3A34100B0F29C /* coin_sel_add@3x.png */; };
		8690BEC120D3A34200B0F29C /* coin_sel_add@2x.png in Resources */ = {isa = PBXBuildFile; fileRef = 8690BEBD20D3A34200B0F29C /* coin_sel_add@2x.png */; };
		8690BEC220D3A34200B0F29C /* coin_sel_bc@2x.png in Resources */ = {isa = PBXBuildFile; fileRef = 8690BEBE20D3A34200B0F29C /* coin_sel_bc@2x.png */; };
		8690BEC320D3A34200B0F29C /* coin_sel_bc@3x.png in Resources */ = {isa = PBXBuildFile; fileRef = 8690BEBF20D3A34200B0F29C /* coin_sel_bc@3x.png */; };
		F1ADDA82ABA06C9B3DF1FDA1 /* libPods-JRWallet.a in Frameworks */ = {isa = PBXBuildFile; fileRef = 3408F5F1BAC8039B4C6FC55D /* libPods-JRWallet.a */; };
/* End PBXBuildFile section */

/* Begin PBXFileReference section */
		270FE101C450E6597D16E4D5 /* Pods-JRWallet.debug.xcconfig */ = {isa = PBXFileReference; includeInIndex = 1; lastKnownFileType = text.xcconfig; name = "Pods-JRWallet.debug.xcconfig"; path = "Pods/Target Support Files/Pods-JRWallet/Pods-JRWallet.debug.xcconfig"; sourceTree = "<group>"; };
		3408F5F1BAC8039B4C6FC55D /* libPods-JRWallet.a */ = {isa = PBXFileReference; explicitFileType = archive.ar; includeInIndex = 0; path = "libPods-JRWallet.a"; sourceTree = BUILT_PRODUCTS_DIR; };
		5F55789320720F8100F5B2AB /* JRHTTPDefine.h */ = {isa = PBXFileReference; fileEncoding = 4; lastKnownFileType = sourcecode.c.h; path = JRHTTPDefine.h; sourceTree = "<group>"; };
		5F75088920746D680091D1D3 /* AFHTTPSessionManager+JR_RACSupport.h */ = {isa = PBXFileReference; lastKnownFileType = sourcecode.c.h; path = "AFHTTPSessionManager+JR_RACSupport.h"; sourceTree = "<group>"; };
		5F75088A20746D680091D1D3 /* AFHTTPSessionManager+JR_RACSupport.m */ = {isa = PBXFileReference; lastKnownFileType = sourcecode.c.objc; path = "AFHTTPSessionManager+JR_RACSupport.m"; sourceTree = "<group>"; };
		5F8A5347207DB02900CD452C /* TTTAttributedLabel.m */ = {isa = PBXFileReference; fileEncoding = 4; lastKnownFileType = sourcecode.c.objc; path = TTTAttributedLabel.m; sourceTree = "<group>"; };
		5F8A5348207DB02900CD452C /* TTTAttributedLabel.h */ = {isa = PBXFileReference; fileEncoding = 4; lastKnownFileType = sourcecode.c.h; path = TTTAttributedLabel.h; sourceTree = "<group>"; };
		5F8C6588206C835300A462A9 /* JRWallet.app */ = {isa = PBXFileReference; explicitFileType = wrapper.application; includeInIndex = 0; path = JRWallet.app; sourceTree = BUILT_PRODUCTS_DIR; };
		5F8C658B206C835300A462A9 /* AppDelegate.h */ = {isa = PBXFileReference; lastKnownFileType = sourcecode.c.h; path = AppDelegate.h; sourceTree = "<group>"; };
		5F8C658C206C835300A462A9 /* AppDelegate.m */ = {isa = PBXFileReference; lastKnownFileType = sourcecode.c.objc; path = AppDelegate.m; sourceTree = "<group>"; };
		5F8C658E206C835300A462A9 /* ViewController.h */ = {isa = PBXFileReference; lastKnownFileType = sourcecode.c.h; path = ViewController.h; sourceTree = "<group>"; };
		5F8C658F206C835300A462A9 /* ViewController.m */ = {isa = PBXFileReference; lastKnownFileType = sourcecode.c.objc; path = ViewController.m; sourceTree = "<group>"; };
		5F8C6592206C835300A462A9 /* Base */ = {isa = PBXFileReference; lastKnownFileType = file.storyboard; name = Base; path = Base.lproj/Main.storyboard; sourceTree = "<group>"; };
		5F8C6594206C835300A462A9 /* Assets.xcassets */ = {isa = PBXFileReference; lastKnownFileType = folder.assetcatalog; path = Assets.xcassets; sourceTree = "<group>"; };
		5F8C6599206C835300A462A9 /* Info.plist */ = {isa = PBXFileReference; lastKnownFileType = text.plist.xml; path = Info.plist; sourceTree = "<group>"; };
		5F8C659A206C835300A462A9 /* main.m */ = {isa = PBXFileReference; lastKnownFileType = sourcecode.c.objc; path = main.m; sourceTree = "<group>"; };
		5F8C65A4206CB8E900A462A9 /* JRWallet-Prefix.pch */ = {isa = PBXFileReference; lastKnownFileType = sourcecode.c.h; path = "JRWallet-Prefix.pch"; sourceTree = "<group>"; };
		5F8C65A5206CB92300A462A9 /* UIKit.framework */ = {isa = PBXFileReference; lastKnownFileType = wrapper.framework; name = UIKit.framework; path = System/Library/Frameworks/UIKit.framework; sourceTree = SDKROOT; };
		5F8C65A7206CB92800A462A9 /* Foundation.framework */ = {isa = PBXFileReference; lastKnownFileType = wrapper.framework; name = Foundation.framework; path = System/Library/Frameworks/Foundation.framework; sourceTree = SDKROOT; };
		5F8C65B8206CCB0800A462A9 /* CSJSONResponseserializer.h */ = {isa = PBXFileReference; fileEncoding = 4; lastKnownFileType = sourcecode.c.h; path = CSJSONResponseserializer.h; sourceTree = "<group>"; };
		5F8C65B9206CCB0800A462A9 /* CSJSONResponseserializer.m */ = {isa = PBXFileReference; fileEncoding = 4; lastKnownFileType = sourcecode.c.objc; path = CSJSONResponseserializer.m; sourceTree = "<group>"; };
		5F8C65BE206CCB2D00A462A9 /* JRBaseAPI.h */ = {isa = PBXFileReference; lastKnownFileType = sourcecode.c.h; path = JRBaseAPI.h; sourceTree = "<group>"; };
		5F8C65BF206CCB2D00A462A9 /* JRBaseAPI.m */ = {isa = PBXFileReference; lastKnownFileType = sourcecode.c.objc; path = JRBaseAPI.m; sourceTree = "<group>"; };
		5F8C65C3206CDAE700A462A9 /* JRCommonCookie.h */ = {isa = PBXFileReference; lastKnownFileType = sourcecode.c.h; path = JRCommonCookie.h; sourceTree = "<group>"; };
		5F8C65C4206CDAE700A462A9 /* JRCommonCookie.m */ = {isa = PBXFileReference; lastKnownFileType = sourcecode.c.objc; path = JRCommonCookie.m; sourceTree = "<group>"; };
		5F8C65C7206CDBE700A462A9 /* JRHelper.h */ = {isa = PBXFileReference; lastKnownFileType = sourcecode.c.h; path = JRHelper.h; sourceTree = "<group>"; };
		5F8C65C8206CDBE700A462A9 /* JRHelper.m */ = {isa = PBXFileReference; lastKnownFileType = sourcecode.c.objc; path = JRHelper.m; sourceTree = "<group>"; };
		5F94B04A20732A0C007DF8DA /* JRResolveHandle.h */ = {isa = PBXFileReference; lastKnownFileType = sourcecode.c.h; path = JRResolveHandle.h; sourceTree = "<group>"; };
		5F94B04B20732A0C007DF8DA /* JRResolveHandle.m */ = {isa = PBXFileReference; lastKnownFileType = sourcecode.c.objc; path = JRResolveHandle.m; sourceTree = "<group>"; };
		863DA00B20CA602500FC8CBF /* CSJSONRequestSerializer.h */ = {isa = PBXFileReference; lastKnownFileType = sourcecode.c.h; name = CSJSONRequestSerializer.h; path = RACSupport/CSJSONRequestSerializer.h; sourceTree = "<group>"; };
		863DA00C20CA602500FC8CBF /* CSJSONRequestSerializer.m */ = {isa = PBXFileReference; lastKnownFileType = sourcecode.c.objc; name = CSJSONRequestSerializer.m; path = RACSupport/CSJSONRequestSerializer.m; sourceTree = "<group>"; };
		863DA01120CA63E100FC8CBF /* CSNetWorkManager.h */ = {isa = PBXFileReference; lastKnownFileType = sourcecode.c.h; path = CSNetWorkManager.h; sourceTree = "<group>"; };
		863DA01220CA63E100FC8CBF /* CSNetWorkManager.m */ = {isa = PBXFileReference; lastKnownFileType = sourcecode.c.objc; path = CSNetWorkManager.m; sourceTree = "<group>"; };
		863DA01420CA6E2F00FC8CBF /* JRBaseAPI+Config.h */ = {isa = PBXFileReference; lastKnownFileType = sourcecode.c.h; path = "JRBaseAPI+Config.h"; sourceTree = "<group>"; };
		863DA01520CA6E2F00FC8CBF /* JRBaseAPI+Config.m */ = {isa = PBXFileReference; lastKnownFileType = sourcecode.c.objc; path = "JRBaseAPI+Config.m"; sourceTree = "<group>"; };
		863DA01820CA73F900FC8CBF /* CSJSONDataHandle.h */ = {isa = PBXFileReference; lastKnownFileType = sourcecode.c.h; path = CSJSONDataHandle.h; sourceTree = "<group>"; };
		863DA01920CA73F900FC8CBF /* CSJSONDataHandle.m */ = {isa = PBXFileReference; lastKnownFileType = sourcecode.c.objc; path = CSJSONDataHandle.m; sourceTree = "<group>"; };
		863DA01B20CA74BB00FC8CBF /* CSDataHandleProtocol.h */ = {isa = PBXFileReference; lastKnownFileType = sourcecode.c.h; path = CSDataHandleProtocol.h; sourceTree = "<group>"; };
		863DA01C20CE1A9900FC8CBF /* CSResponseHandleProtocol.h */ = {isa = PBXFileReference; lastKnownFileType = sourcecode.c.h; path = CSResponseHandleProtocol.h; sourceTree = "<group>"; };
		863DA01D20CE1F4C00FC8CBF /* CSJSONResponseHandle.h */ = {isa = PBXFileReference; lastKnownFileType = sourcecode.c.h; path = CSJSONResponseHandle.h; sourceTree = "<group>"; };
		863DA01E20CE1F4C00FC8CBF /* CSJSONResponseHandle.m */ = {isa = PBXFileReference; lastKnownFileType = sourcecode.c.objc; path = CSJSONResponseHandle.m; sourceTree = "<group>"; };
		8690BE3020D2575100B0F29C /* CSRequestHandleProtocol.h */ = {isa = PBXFileReference; lastKnownFileType = sourcecode.c.h; path = CSRequestHandleProtocol.h; sourceTree = "<group>"; };
		8690BE3120D259C100B0F29C /* CSJSONRequestHandle.h */ = {isa = PBXFileReference; lastKnownFileType = sourcecode.c.h; path = CSJSONRequestHandle.h; sourceTree = "<group>"; };
		8690BE3220D259C100B0F29C /* CSJSONRequestHandle.m */ = {isa = PBXFileReference; lastKnownFileType = sourcecode.c.objc; path = CSJSONRequestHandle.m; sourceTree = "<group>"; };
		8690BE3420D25E7E00B0F29C /* CSAPI.h */ = {isa = PBXFileReference; lastKnownFileType = sourcecode.c.h; path = CSAPI.h; sourceTree = "<group>"; };
		8690BE3520D25E7E00B0F29C /* CSAPI.m */ = {isa = PBXFileReference; lastKnownFileType = sourcecode.c.objc; path = CSAPI.m; sourceTree = "<group>"; };
		8690BE3720D274A100B0F29C /* CSUploadAPI.h */ = {isa = PBXFileReference; lastKnownFileType = sourcecode.c.h; path = CSUploadAPI.h; sourceTree = "<group>"; };
		8690BE3820D274A100B0F29C /* CSUploadAPI.m */ = {isa = PBXFileReference; lastKnownFileType = sourcecode.c.objc; path = CSUploadAPI.m; sourceTree = "<group>"; };
		8690BE3A20D2866400B0F29C /* 123.PNG */ = {isa = PBXFileReference; lastKnownFileType = image.png; path = 123.PNG; sourceTree = "<group>"; };
		8690BE3C20D2888300B0F29C /* SXViewController.h */ = {isa = PBXFileReference; lastKnownFileType = sourcecode.c.h; path = SXViewController.h; sourceTree = "<group>"; };
		8690BE3D20D2888300B0F29C /* SXViewController.m */ = {isa = PBXFileReference; lastKnownFileType = sourcecode.c.objc; path = SXViewController.m; sourceTree = "<group>"; };
		8690BE3F20D28D8900B0F29C /* 222.JPG */ = {isa = PBXFileReference; lastKnownFileType = image.jpeg; path = 222.JPG; sourceTree = "<group>"; };
		8690BEBC20D3A34100B0F29C /* coin_sel_add@3x.png */ = {isa = PBXFileReference; lastKnownFileType = image.png; path = "coin_sel_add@3x.png"; sourceTree = "<group>"; };
		8690BEBD20D3A34200B0F29C /* coin_sel_add@2x.png */ = {isa = PBXFileReference; lastKnownFileType = image.png; path = "coin_sel_add@2x.png"; sourceTree = "<group>"; };
		8690BEBE20D3A34200B0F29C /* coin_sel_bc@2x.png */ = {isa = PBXFileReference; lastKnownFileType = image.png; path = "coin_sel_bc@2x.png"; sourceTree = "<group>"; };
		8690BEBF20D3A34200B0F29C /* coin_sel_bc@3x.png */ = {isa = PBXFileReference; lastKnownFileType = image.png; path = "coin_sel_bc@3x.png"; sourceTree = "<group>"; };
		D1DA4A1F5F4B2809C9173A79 /* Pods-JRWallet.release.xcconfig */ = {isa = PBXFileReference; includeInIndex = 1; lastKnownFileType = text.xcconfig; name = "Pods-JRWallet.release.xcconfig"; path = "Pods/Target Support Files/Pods-JRWallet/Pods-JRWallet.release.xcconfig"; sourceTree = "<group>"; };
/* End PBXFileReference section */

/* Begin PBXFrameworksBuildPhase section */
		5F8C6585206C835300A462A9 /* Frameworks */ = {
			isa = PBXFrameworksBuildPhase;
			buildActionMask = 2147483647;
			files = (
				5F8C65A8206CB92800A462A9 /* Foundation.framework in Frameworks */,
				5F8C65A6206CB92300A462A9 /* UIKit.framework in Frameworks */,
				F1ADDA82ABA06C9B3DF1FDA1 /* libPods-JRWallet.a in Frameworks */,
			);
			runOnlyForDeploymentPostprocessing = 0;
		};
/* End PBXFrameworksBuildPhase section */

/* Begin PBXGroup section */
		5F75088820746D1F0091D1D3 /* RACSupport */ = {
			isa = PBXGroup;
			children = (
				5F75088920746D680091D1D3 /* AFHTTPSessionManager+JR_RACSupport.h */,
				5F75088A20746D680091D1D3 /* AFHTTPSessionManager+JR_RACSupport.m */,
			);
			path = RACSupport;
			sourceTree = "<group>";
		};
		5F8C657F206C835200A462A9 = {
			isa = PBXGroup;
			children = (
				5F8C658A206C835300A462A9 /* JRWallet */,
				5F8C6589206C835300A462A9 /* Products */,
				7A3A9A0CE9D89D36DCCB7253 /* Pods */,
				B863CB3542DDD8303EDA7905 /* Frameworks */,
			);
			sourceTree = "<group>";
		};
		5F8C6589206C835300A462A9 /* Products */ = {
			isa = PBXGroup;
			children = (
				5F8C6588206C835300A462A9 /* JRWallet.app */,
			);
			name = Products;
			sourceTree = "<group>";
		};
		5F8C658A206C835300A462A9 /* JRWallet */ = {
			isa = PBXGroup;
			children = (
				5F8C65A2206C8CF000A462A9 /* Lib */,
				5F8C658B206C835300A462A9 /* AppDelegate.h */,
				5F8C658C206C835300A462A9 /* AppDelegate.m */,
				5F8C658E206C835300A462A9 /* ViewController.h */,
				5F8C658F206C835300A462A9 /* ViewController.m */,
				8690BE3C20D2888300B0F29C /* SXViewController.h */,
				8690BE3D20D2888300B0F29C /* SXViewController.m */,
				8690BE3A20D2866400B0F29C /* 123.PNG */,
				8690BE3F20D28D8900B0F29C /* 222.JPG */,
				5F8A5348207DB02900CD452C /* TTTAttributedLabel.h */,
				5F8A5347207DB02900CD452C /* TTTAttributedLabel.m */,
				5F94B04A20732A0C007DF8DA /* JRResolveHandle.h */,
				5F94B04B20732A0C007DF8DA /* JRResolveHandle.m */,
				5F55789320720F8100F5B2AB /* JRHTTPDefine.h */,
				8690BEBD20D3A34200B0F29C /* coin_sel_add@2x.png */,
				8690BEBC20D3A34100B0F29C /* coin_sel_add@3x.png */,
				8690BEBE20D3A34200B0F29C /* coin_sel_bc@2x.png */,
				8690BEBF20D3A34200B0F29C /* coin_sel_bc@3x.png */,
				5F8C6591206C835300A462A9 /* Main.storyboard */,
				5F8C6594206C835300A462A9 /* Assets.xcassets */,
				5F8C6599206C835300A462A9 /* Info.plist */,
				5F8C659A206C835300A462A9 /* main.m */,
				5F8C65A4206CB8E900A462A9 /* JRWallet-Prefix.pch */,
			);
			path = JRWallet;
			sourceTree = "<group>";
		};
		5F8C65A2206C8CF000A462A9 /* Lib */ = {
			isa = PBXGroup;
			children = (
				5F8C65B2206CCB0800A462A9 /* HTTPNetWork */,
			);
			path = Lib;
			sourceTree = "<group>";
		};
		5F8C65B2206CCB0800A462A9 /* HTTPNetWork */ = {
			isa = PBXGroup;
			children = (
				863DA01720CA739600FC8CBF /* DataHandle */,
				5F8C65C6206CDBCC00A462A9 /* Helper */,
				5F8C65C2206CDAD300A462A9 /* Cookies */,
				5F8C65BD206CCB1E00A462A9 /* API */,
				5F8C65B3206CCB0800A462A9 /* BaseNetWork */,
			);
			path = HTTPNetWork;
			sourceTree = "<group>";
		};
		5F8C65B3206CCB0800A462A9 /* BaseNetWork */ = {
			isa = PBXGroup;
			children = (
				5F75088820746D1F0091D1D3 /* RACSupport */,
				863DA00B20CA602500FC8CBF /* CSJSONRequestSerializer.h */,
				863DA00C20CA602500FC8CBF /* CSJSONRequestSerializer.m */,
				5F8C65B8206CCB0800A462A9 /* CSJSONResponseserializer.h */,
				5F8C65B9206CCB0800A462A9 /* CSJSONResponseserializer.m */,
				863DA01120CA63E100FC8CBF /* CSNetWorkManager.h */,
				863DA01220CA63E100FC8CBF /* CSNetWorkManager.m */,
			);
			path = BaseNetWork;
			sourceTree = "<group>";
		};
		5F8C65BD206CCB1E00A462A9 /* API */ = {
			isa = PBXGroup;
			children = (
				5F8C65BE206CCB2D00A462A9 /* JRBaseAPI.h */,
				5F8C65BF206CCB2D00A462A9 /* JRBaseAPI.m */,
				863DA01420CA6E2F00FC8CBF /* JRBaseAPI+Config.h */,
				863DA01520CA6E2F00FC8CBF /* JRBaseAPI+Config.m */,
				8690BE3720D274A100B0F29C /* CSUploadAPI.h */,
				8690BE3820D274A100B0F29C /* CSUploadAPI.m */,
				8690BE3420D25E7E00B0F29C /* CSAPI.h */,
				8690BE3520D25E7E00B0F29C /* CSAPI.m */,
			);
			path = API;
			sourceTree = "<group>";
		};
		5F8C65C2206CDAD300A462A9 /* Cookies */ = {
			isa = PBXGroup;
			children = (
				5F8C65C3206CDAE700A462A9 /* JRCommonCookie.h */,
				5F8C65C4206CDAE700A462A9 /* JRCommonCookie.m */,
			);
			path = Cookies;
			sourceTree = "<group>";
		};
		5F8C65C6206CDBCC00A462A9 /* Helper */ = {
			isa = PBXGroup;
			children = (
				5F8C65C7206CDBE700A462A9 /* JRHelper.h */,
				5F8C65C8206CDBE700A462A9 /* JRHelper.m */,
			);
			path = Helper;
			sourceTree = "<group>";
		};
		7A3A9A0CE9D89D36DCCB7253 /* Pods */ = {
			isa = PBXGroup;
			children = (
				270FE101C450E6597D16E4D5 /* Pods-JRWallet.debug.xcconfig */,
				D1DA4A1F5F4B2809C9173A79 /* Pods-JRWallet.release.xcconfig */,
			);
			name = Pods;
			sourceTree = "<group>";
		};
		863DA01720CA739600FC8CBF /* DataHandle */ = {
			isa = PBXGroup;
			children = (
				863DA01820CA73F900FC8CBF /* CSJSONDataHandle.h */,
				863DA01920CA73F900FC8CBF /* CSJSONDataHandle.m */,
				863DA01D20CE1F4C00FC8CBF /* CSJSONResponseHandle.h */,
				863DA01E20CE1F4C00FC8CBF /* CSJSONResponseHandle.m */,
				8690BE3120D259C100B0F29C /* CSJSONRequestHandle.h */,
				8690BE3220D259C100B0F29C /* CSJSONRequestHandle.m */,
				863DA01B20CA74BB00FC8CBF /* CSDataHandleProtocol.h */,
				863DA01C20CE1A9900FC8CBF /* CSResponseHandleProtocol.h */,
				8690BE3020D2575100B0F29C /* CSRequestHandleProtocol.h */,
			);
			path = DataHandle;
			sourceTree = "<group>";
		};
		B863CB3542DDD8303EDA7905 /* Frameworks */ = {
			isa = PBXGroup;
			children = (
				5F8C65A7206CB92800A462A9 /* Foundation.framework */,
				5F8C65A5206CB92300A462A9 /* UIKit.framework */,
				3408F5F1BAC8039B4C6FC55D /* libPods-JRWallet.a */,
			);
			name = Frameworks;
			sourceTree = "<group>";
		};
/* End PBXGroup section */

/* Begin PBXNativeTarget section */
		5F8C6587206C835300A462A9 /* JRWallet */ = {
			isa = PBXNativeTarget;
			buildConfigurationList = 5F8C659E206C835300A462A9 /* Build configuration list for PBXNativeTarget "JRWallet" */;
			buildPhases = (
				85C1430DDEB9418497DD71EB /* [CP] Check Pods Manifest.lock */,
				5F8C6584206C835300A462A9 /* Sources */,
				5F8C6585206C835300A462A9 /* Frameworks */,
				5F8C6586206C835300A462A9 /* Resources */,
				60974A6ABEA9FFAE447018FA /* [CP] Copy Pods Resources */,
			);
			buildRules = (
			);
			dependencies = (
			);
			name = JRWallet;
			productName = JRWallet;
			productReference = 5F8C6588206C835300A462A9 /* JRWallet.app */;
			productType = "com.apple.product-type.application";
		};
/* End PBXNativeTarget section */

/* Begin PBXProject section */
		5F8C6580206C835200A462A9 /* Project object */ = {
			isa = PBXProject;
			attributes = {
				LastUpgradeCheck = 0920;
				ORGANIZATIONNAME = vince_;
				TargetAttributes = {
					5F8C6587206C835300A462A9 = {
						CreatedOnToolsVersion = 9.2;
						ProvisioningStyle = Automatic;
					};
				};
			};
			buildConfigurationList = 5F8C6583206C835200A462A9 /* Build configuration list for PBXProject "JRWallet" */;
			compatibilityVersion = "Xcode 8.0";
			developmentRegion = en;
			hasScannedForEncodings = 0;
			knownRegions = (
				en,
				Base,
			);
			mainGroup = 5F8C657F206C835200A462A9;
			productRefGroup = 5F8C6589206C835300A462A9 /* Products */;
			projectDirPath = "";
			projectRoot = "";
			targets = (
				5F8C6587206C835300A462A9 /* JRWallet */,
			);
		};
/* End PBXProject section */

/* Begin PBXResourcesBuildPhase section */
		5F8C6586206C835300A462A9 /* Resources */ = {
			isa = PBXResourcesBuildPhase;
			buildActionMask = 2147483647;
			files = (
				8690BEC320D3A34200B0F29C /* coin_sel_bc@3x.png in Resources */,
				8690BEC120D3A34200B0F29C /* coin_sel_add@2x.png in Resources */,
				8690BE4020D28D8900B0F29C /* 222.JPG in Resources */,
				8690BE3B20D2866400B0F29C /* 123.PNG in Resources */,
				8690BEC220D3A34200B0F29C /* coin_sel_bc@2x.png in Resources */,
				5F8C6595206C835300A462A9 /* Assets.xcassets in Resources */,
				8690BEC020D3A34200B0F29C /* coin_sel_add@3x.png in Resources */,
				5F8C6593206C835300A462A9 /* Main.storyboard in Resources */,
			);
			runOnlyForDeploymentPostprocessing = 0;
		};
/* End PBXResourcesBuildPhase section */

/* Begin PBXShellScriptBuildPhase section */
		60974A6ABEA9FFAE447018FA /* [CP] Copy Pods Resources */ = {
			isa = PBXShellScriptBuildPhase;
			buildActionMask = 2147483647;
			files = (
			);
			inputPaths = (
				"${SRCROOT}/Pods/Target Support Files/Pods-JRWallet/Pods-JRWallet-resources.sh",
				"${PODS_ROOT}/IQKeyboardManager/IQKeyboardManager/Resources/IQKeyboardManager.bundle",
				"${PODS_ROOT}/MJRefresh/MJRefresh/MJRefresh.bundle",
			);
			name = "[CP] Copy Pods Resources";
			outputPaths = (
				"${TARGET_BUILD_DIR}/${UNLOCALIZED_RESOURCES_FOLDER_PATH}/IQKeyboardManager.bundle",
				"${TARGET_BUILD_DIR}/${UNLOCALIZED_RESOURCES_FOLDER_PATH}/MJRefresh.bundle",
			);
			runOnlyForDeploymentPostprocessing = 0;
			shellPath = /bin/sh;
			shellScript = "\"${SRCROOT}/Pods/Target Support Files/Pods-JRWallet/Pods-JRWallet-resources.sh\"\n";
			showEnvVarsInLog = 0;
		};
		85C1430DDEB9418497DD71EB /* [CP] Check Pods Manifest.lock */ = {
			isa = PBXShellScriptBuildPhase;
			buildActionMask = 2147483647;
			files = (
			);
			inputPaths = (
				"${PODS_PODFILE_DIR_PATH}/Podfile.lock",
				"${PODS_ROOT}/Manifest.lock",
			);
			name = "[CP] Check Pods Manifest.lock";
			outputPaths = (
				"$(DERIVED_FILE_DIR)/Pods-JRWallet-checkManifestLockResult.txt",
			);
			runOnlyForDeploymentPostprocessing = 0;
			shellPath = /bin/sh;
			shellScript = "diff \"${PODS_PODFILE_DIR_PATH}/Podfile.lock\" \"${PODS_ROOT}/Manifest.lock\" > /dev/null\nif [ $? != 0 ] ; then\n    # print error to STDERR\n    echo \"error: The sandbox is not in sync with the Podfile.lock. Run 'pod install' or update your CocoaPods installation.\" >&2\n    exit 1\nfi\n# This output is used by Xcode 'outputs' to avoid re-running this script phase.\necho \"SUCCESS\" > \"${SCRIPT_OUTPUT_FILE_0}\"\n";
			showEnvVarsInLog = 0;
		};
/* End PBXShellScriptBuildPhase section */

/* Begin PBXSourcesBuildPhase section */
		5F8C6584206C835300A462A9 /* Sources */ = {
			isa = PBXSourcesBuildPhase;
			buildActionMask = 2147483647;
			files = (
				8690BE3620D25E7E00B0F29C /* CSAPI.m in Sources */,
				863DA01F20CE1F4C00FC8CBF /* CSJSONResponseHandle.m in Sources */,
				863DA01320CA63E100FC8CBF /* CSNetWorkManager.m in Sources */,
				5F8C65C9206CDBE700A462A9 /* JRHelper.m in Sources */,
				5F8C65BC206CCB0800A462A9 /* CSJSONResponseserializer.m in Sources */,
				5F8C6590206C835300A462A9 /* ViewController.m in Sources */,
				8690BE3320D259C100B0F29C /* CSJSONRequestHandle.m in Sources */,
				8690BE3E20D2888300B0F29C /* SXViewController.m in Sources */,
				5F8A5349207DB02A00CD452C /* TTTAttributedLabel.m in Sources */,
				5F8C65C5206CDAE700A462A9 /* JRCommonCookie.m in Sources */,
				5F8C659B206C835300A462A9 /* main.m in Sources */,
				863DA01A20CA73F900FC8CBF /* CSJSONDataHandle.m in Sources */,
				863DA01620CA6E2F00FC8CBF /* JRBaseAPI+Config.m in Sources */,
				863DA00D20CA602500FC8CBF /* CSJSONRequestSerializer.m in Sources */,
				5F75088B20746D680091D1D3 /* AFHTTPSessionManager+JR_RACSupport.m in Sources */,
				8690BE3920D274A100B0F29C /* CSUploadAPI.m in Sources */,
				5F8C658D206C835300A462A9 /* AppDelegate.m in Sources */,
				5F8C65C0206CCB2D00A462A9 /* JRBaseAPI.m in Sources */,
				5F94B04C20732A0C007DF8DA /* JRResolveHandle.m in Sources */,
			);
			runOnlyForDeploymentPostprocessing = 0;
		};
/* End PBXSourcesBuildPhase section */

/* Begin PBXVariantGroup section */
		5F8C6591206C835300A462A9 /* Main.storyboard */ = {
			isa = PBXVariantGroup;
			children = (
				5F8C6592206C835300A462A9 /* Base */,
			);
			name = Main.storyboard;
			sourceTree = "<group>";
		};
/* End PBXVariantGroup section */

/* Begin XCBuildConfiguration section */
		5F8C659C206C835300A462A9 /* Debug */ = {
			isa = XCBuildConfiguration;
			buildSettings = {
				ALWAYS_SEARCH_USER_PATHS = NO;
				CLANG_ANALYZER_NONNULL = YES;
				CLANG_ANALYZER_NUMBER_OBJECT_CONVERSION = YES_AGGRESSIVE;
				CLANG_CXX_LANGUAGE_STANDARD = "gnu++14";
				CLANG_CXX_LIBRARY = "libc++";
				CLANG_ENABLE_MODULES = YES;
				CLANG_ENABLE_OBJC_ARC = YES;
				CLANG_WARN_BLOCK_CAPTURE_AUTORELEASING = YES;
				CLANG_WARN_BOOL_CONVERSION = YES;
				CLANG_WARN_COMMA = YES;
				CLANG_WARN_CONSTANT_CONVERSION = YES;
				CLANG_WARN_DIRECT_OBJC_ISA_USAGE = YES_ERROR;
				CLANG_WARN_DOCUMENTATION_COMMENTS = YES;
				CLANG_WARN_EMPTY_BODY = YES;
				CLANG_WARN_ENUM_CONVERSION = YES;
				CLANG_WARN_INFINITE_RECURSION = YES;
				CLANG_WARN_INT_CONVERSION = YES;
				CLANG_WARN_NON_LITERAL_NULL_CONVERSION = YES;
				CLANG_WARN_OBJC_LITERAL_CONVERSION = YES;
				CLANG_WARN_OBJC_ROOT_CLASS = YES_ERROR;
				CLANG_WARN_RANGE_LOOP_ANALYSIS = YES;
				CLANG_WARN_STRICT_PROTOTYPES = YES;
				CLANG_WARN_SUSPICIOUS_MOVE = YES;
				CLANG_WARN_UNGUARDED_AVAILABILITY = YES_AGGRESSIVE;
				CLANG_WARN_UNREACHABLE_CODE = YES;
				CLANG_WARN__DUPLICATE_METHOD_MATCH = YES;
				CODE_SIGN_IDENTITY = "iPhone Developer";
				COPY_PHASE_STRIP = NO;
				DEBUG_INFORMATION_FORMAT = dwarf;
				ENABLE_STRICT_OBJC_MSGSEND = YES;
				ENABLE_TESTABILITY = YES;
				GCC_C_LANGUAGE_STANDARD = gnu11;
				GCC_DYNAMIC_NO_PIC = NO;
				GCC_NO_COMMON_BLOCKS = YES;
				GCC_OPTIMIZATION_LEVEL = 0;
				GCC_PREPROCESSOR_DEFINITIONS = (
					"DEBUG=1",
					"$(inherited)",
				);
				GCC_WARN_64_TO_32_BIT_CONVERSION = YES;
				GCC_WARN_ABOUT_RETURN_TYPE = YES_ERROR;
				GCC_WARN_UNDECLARED_SELECTOR = YES;
				GCC_WARN_UNINITIALIZED_AUTOS = YES_AGGRESSIVE;
				GCC_WARN_UNUSED_FUNCTION = YES;
				GCC_WARN_UNUSED_VARIABLE = YES;
				IPHONEOS_DEPLOYMENT_TARGET = 11.2;
				MTL_ENABLE_DEBUG_INFO = YES;
				ONLY_ACTIVE_ARCH = YES;
				SDKROOT = iphoneos;
			};
			name = Debug;
		};
		5F8C659D206C835300A462A9 /* Release */ = {
			isa = XCBuildConfiguration;
			buildSettings = {
				ALWAYS_SEARCH_USER_PATHS = NO;
				CLANG_ANALYZER_NONNULL = YES;
				CLANG_ANALYZER_NUMBER_OBJECT_CONVERSION = YES_AGGRESSIVE;
				CLANG_CXX_LANGUAGE_STANDARD = "gnu++14";
				CLANG_CXX_LIBRARY = "libc++";
				CLANG_ENABLE_MODULES = YES;
				CLANG_ENABLE_OBJC_ARC = YES;
				CLANG_WARN_BLOCK_CAPTURE_AUTORELEASING = YES;
				CLANG_WARN_BOOL_CONVERSION = YES;
				CLANG_WARN_COMMA = YES;
				CLANG_WARN_CONSTANT_CONVERSION = YES;
				CLANG_WARN_DIRECT_OBJC_ISA_USAGE = YES_ERROR;
				CLANG_WARN_DOCUMENTATION_COMMENTS = YES;
				CLANG_WARN_EMPTY_BODY = YES;
				CLANG_WARN_ENUM_CONVERSION = YES;
				CLANG_WARN_INFINITE_RECURSION = YES;
				CLANG_WARN_INT_CONVERSION = YES;
				CLANG_WARN_NON_LITERAL_NULL_CONVERSION = YES;
				CLANG_WARN_OBJC_LITERAL_CONVERSION = YES;
				CLANG_WARN_OBJC_ROOT_CLASS = YES_ERROR;
				CLANG_WARN_RANGE_LOOP_ANALYSIS = YES;
				CLANG_WARN_STRICT_PROTOTYPES = YES;
				CLANG_WARN_SUSPICIOUS_MOVE = YES;
				CLANG_WARN_UNGUARDED_AVAILABILITY = YES_AGGRESSIVE;
				CLANG_WARN_UNREACHABLE_CODE = YES;
				CLANG_WARN__DUPLICATE_METHOD_MATCH = YES;
				CODE_SIGN_IDENTITY = "iPhone Developer";
				COPY_PHASE_STRIP = NO;
				DEBUG_INFORMATION_FORMAT = "dwarf-with-dsym";
				ENABLE_NS_ASSERTIONS = NO;
				ENABLE_STRICT_OBJC_MSGSEND = YES;
				GCC_C_LANGUAGE_STANDARD = gnu11;
				GCC_NO_COMMON_BLOCKS = YES;
				GCC_WARN_64_TO_32_BIT_CONVERSION = YES;
				GCC_WARN_ABOUT_RETURN_TYPE = YES_ERROR;
				GCC_WARN_UNDECLARED_SELECTOR = YES;
				GCC_WARN_UNINITIALIZED_AUTOS = YES_AGGRESSIVE;
				GCC_WARN_UNUSED_FUNCTION = YES;
				GCC_WARN_UNUSED_VARIABLE = YES;
				IPHONEOS_DEPLOYMENT_TARGET = 11.2;
				MTL_ENABLE_DEBUG_INFO = NO;
				SDKROOT = iphoneos;
				VALIDATE_PRODUCT = YES;
			};
			name = Release;
		};
		5F8C659F206C835300A462A9 /* Debug */ = {
			isa = XCBuildConfiguration;
			baseConfigurationReference = 270FE101C450E6597D16E4D5 /* Pods-JRWallet.debug.xcconfig */;
			buildSettings = {
				ASSETCATALOG_COMPILER_APPICON_NAME = AppIcon;
				"CODE_SIGN_IDENTITY[sdk=iphoneos*]" = "iPhone Developer";
				CODE_SIGN_STYLE = Automatic;
				DEVELOPMENT_TEAM = L2EZ35CYV4;
				ENABLE_STRICT_OBJC_MSGSEND = YES;
				GCC_PRECOMPILE_PREFIX_HEADER = YES;
				GCC_PREFIX_HEADER = "$(SRCROOT)/JRWallet/JRWallet-Prefix.pch";
				INFOPLIST_FILE = JRWallet/Info.plist;
				IPHONEOS_DEPLOYMENT_TARGET = 8.0;
				LD_RUNPATH_SEARCH_PATHS = "$(inherited) @executable_path/Frameworks";
				PRODUCT_BUNDLE_IDENTIFIER = com.coinsuper.appAD;
				PRODUCT_NAME = "$(TARGET_NAME)";
				PROVISIONING_PROFILE = "";
				PROVISIONING_PROFILE_SPECIFIER = "";
				TARGETED_DEVICE_FAMILY = "1,2";
			};
			name = Debug;
		};
		5F8C65A0206C835300A462A9 /* Release */ = {
			isa = XCBuildConfiguration;
			baseConfigurationReference = D1DA4A1F5F4B2809C9173A79 /* Pods-JRWallet.release.xcconfig */;
			buildSettings = {
				ASSETCATALOG_COMPILER_APPICON_NAME = AppIcon;
				"CODE_SIGN_IDENTITY[sdk=iphoneos*]" = "iPhone Developer";
				CODE_SIGN_STYLE = Automatic;
				DEVELOPMENT_TEAM = L2EZ35CYV4;
				ENABLE_STRICT_OBJC_MSGSEND = YES;
				GCC_PRECOMPILE_PREFIX_HEADER = YES;
				GCC_PREFIX_HEADER = "$(SRCROOT)/JRWallet/JRWallet-Prefix.pch";
				INFOPLIST_FILE = JRWallet/Info.plist;
				IPHONEOS_DEPLOYMENT_TARGET = 8.0;
				LD_RUNPATH_SEARCH_PATHS = "$(inherited) @executable_path/Frameworks";
				PRODUCT_BUNDLE_IDENTIFIER = com.coinsuper.appAD;
				PRODUCT_NAME = "$(TARGET_NAME)";
				PROVISIONING_PROFILE = "";
				PROVISIONING_PROFILE_SPECIFIER = "";
				TARGETED_DEVICE_FAMILY = "1,2";
			};
			name = Release;
		};
/* End XCBuildConfiguration section */

/* Begin XCConfigurationList section */
		5F8C6583206C835200A462A9 /* Build configuration list for PBXProject "JRWallet" */ = {
			isa = XCConfigurationList;
			buildConfigurations = (
				5F8C659C206C835300A462A9 /* Debug */,
				5F8C659D206C835300A462A9 /* Release */,
			);
			defaultConfigurationIsVisible = 0;
			defaultConfigurationName = Release;
		};
		5F8C659E206C835300A462A9 /* Build configuration list for PBXNativeTarget "JRWallet" */ = {
			isa = XCConfigurationList;
			buildConfigurations = (
				5F8C659F206C835300A462A9 /* Debug */,
				5F8C65A0206C835300A462A9 /* Release */,
			);
			defaultConfigurationIsVisible = 0;
			defaultConfigurationName = Release;
		};
/* End XCConfigurationList section */
	};
	rootObject = 5F8C6580206C835200A462A9 /* Project object */;
}
